
Microsoft Visual Studio Solution File, Format Version 12.00
# Visual Studio Version 17
VisualStudioVersion = 17.9.34728.123
MinimumVisualStudioVersion = 10.0.40219.1
Project("{2150E333-8FDC-42A3-9474-1A3956D46DE8}") = "Application", "Application", "{B6685327-6960-4C67-9F57-E3462710FD25}"
EndProject
Project("{9A19103F-16F7-4668-BE54-9A1E7A4F7556}") = "PNTZ.Mufta.App", "PNTZ.Mufta.App\PNTZ.Mufta.App.csproj", "{895E8B85-CCAE-4D74-8A79-833FF573184B}"
EndProject
Project("{2150E333-8FDC-42A3-9474-1A3956D46DE8}") = "Toolbox", "Toolbox", "{C9DD52E1-71FC-4FBE-B4DB-0312C2C9F8EE}"
EndProject
Project("{2150E333-8FDC-42A3-9474-1A3956D46DE8}") = "DpConnect", "DpConnect", "{E0F9AF2B-EDD0-4BB0-8AD3-B10092AEF44B}"
EndProject
Project("{2150E333-8FDC-42A3-9474-1A3956D46DE8}") = "GUI", "GUI", "{91902505-5983-4E97-A10B-5A4E0ACE9A70}"
EndProject
Project("{2150E333-8FDC-42A3-9474-1A3956D46DE8}") = "DataPoint", "DataPoint", "{DAF71F9A-5039-464F-BF71-13293AD99289}"
EndProject
Project("{2150E333-8FDC-42A3-9474-1A3956D46DE8}") = "DpProcessor", "DpProcessor", "{82B6F8CA-EDAD-4FB0-9B3C-EFF65B848E74}"
EndProject
Project("{2150E333-8FDC-42A3-9474-1A3956D46DE8}") = "DpProvider", "DpProvider", "{9804E202-DFA0-4427-8102-421EAFAA13AB}"
EndProject
Project("{9A19103F-16F7-4668-BE54-9A1E7A4F7556}") = "Toolkit", "..\Toolbox\Toolkit\Toolkit.csproj", "{88AB74D0-C60A-4691-91CD-30D13624487E}"
EndProject
Project("{9A19103F-16F7-4668-BE54-9A1E7A4F7556}") = "Promatis.Desktop", "..\Toolbox\GUI\Promatis.Desktop\Promatis.Desktop.csproj", "{6E82C572-AEE5-4350-92DF-56B456E57D37}"
EndProject
Project("{9A19103F-16F7-4668-BE54-9A1E7A4F7556}") = "Promatis.DpProvider.OpcUa", "..\Toolbox\DpConnect\DpProvider\Promatis.DpProvider.OpcUa\Promatis.DpProvider.OpcUa.csproj", "{A97D6C97-65D7-4CEB-ACB6-FDBF11631139}"
EndProject
Project("{9A19103F-16F7-4668-BE54-9A1E7A4F7556}") = "Promatis.DpProcessor.PlcSystem", "..\Toolbox\DpConnect\DpProcessor\Promatis.DpProcessor.PlcSystem\Promatis.DpProcessor.PlcSystem.csproj", "{E57E9BB5-4AC3-45B0-9742-57A1627FFD7C}"
EndProject
Project("{9A19103F-16F7-4668-BE54-9A1E7A4F7556}") = "Promatis.DpProcessor.DateTimeConsoleWriter", "..\Toolbox\DpConnect\DpProcessor\Promatis.DpProcessor.DateTimeConsoleWriter\Promatis.DpProcessor.DateTimeConsoleWriter.csproj", "{27D94C5F-DEF9-4C41-8D19-BACD2A9C70EF}"
EndProject
Project("{9A19103F-16F7-4668-BE54-9A1E7A4F7556}") = "Promatis.DataPoint.Interface", "..\Toolbox\DpConnect\DataPoint\Promatis.DataPoint.Interface\Promatis.DataPoint.Interface.csproj", "{47842B10-4403-4EF8-A51F-1ED4458FDE10}"
EndProject
Project("{9A19103F-16F7-4668-BE54-9A1E7A4F7556}") = "Promatis.DataPoint.Configuration", "..\Toolbox\DpConnect\DataPoint\Promatis.DataPoint\Promatis.DataPoint.Configuration.csproj", "{04CCF06F-A16C-44CD-A58C-97D76DCAE07E}"
EndProject
Project("{FAE04EC0-301F-11D3-BF4B-00C04F79EFBC}") = "PNTZ.Mufta.App", "dotnet462\PNTZ.Mufta.App\PNTZ.Mufta.App.csproj", "{9676DDB8-C0C6-4229-821B-4990A32534A9}"
EndProject
Global
	GlobalSection(SolutionConfigurationPlatforms) = preSolution
		Debug|Any CPU = Debug|Any CPU
		Release|Any CPU = Release|Any CPU
	EndGlobalSection
	GlobalSection(ProjectConfigurationPlatforms) = postSolution
		{895E8B85-CCAE-4D74-8A79-833FF573184B}.Debug|Any CPU.ActiveCfg = Debug|Any CPU
		{895E8B85-CCAE-4D74-8A79-833FF573184B}.Debug|Any CPU.Build.0 = Debug|Any CPU
		{895E8B85-CCAE-4D74-8A79-833FF573184B}.Release|Any CPU.ActiveCfg = Release|Any CPU
		{895E8B85-CCAE-4D74-8A79-833FF573184B}.Release|Any CPU.Build.0 = Release|Any CPU
		{88AB74D0-C60A-4691-91CD-30D13624487E}.Debug|Any CPU.ActiveCfg = Debug|Any CPU
		{88AB74D0-C60A-4691-91CD-30D13624487E}.Debug|Any CPU.Build.0 = Debug|Any CPU
		{88AB74D0-C60A-4691-91CD-30D13624487E}.Release|Any CPU.ActiveCfg = Release|Any CPU
		{88AB74D0-C60A-4691-91CD-30D13624487E}.Release|Any CPU.Build.0 = Release|Any CPU
		{6E82C572-AEE5-4350-92DF-56B456E57D37}.Debug|Any CPU.ActiveCfg = Debug|Any CPU
		{6E82C572-AEE5-4350-92DF-56B456E57D37}.Debug|Any CPU.Build.0 = Debug|Any CPU
		{6E82C572-AEE5-4350-92DF-56B456E57D37}.Release|Any CPU.ActiveCfg = Release|Any CPU
		{6E82C572-AEE5-4350-92DF-56B456E57D37}.Release|Any CPU.Build.0 = Release|Any CPU
		{A97D6C97-65D7-4CEB-ACB6-FDBF11631139}.Debug|Any CPU.ActiveCfg = Debug|Any CPU
		{A97D6C97-65D7-4CEB-ACB6-FDBF11631139}.Debug|Any CPU.Build.0 = Debug|Any CPU
		{A97D6C97-65D7-4CEB-ACB6-FDBF11631139}.Release|Any CPU.ActiveCfg = Release|Any CPU
		{A97D6C97-65D7-4CEB-ACB6-FDBF11631139}.Release|Any CPU.Build.0 = Release|Any CPU
		{E57E9BB5-4AC3-45B0-9742-57A1627FFD7C}.Debug|Any CPU.ActiveCfg = Debug|Any CPU
		{E57E9BB5-4AC3-45B0-9742-57A1627FFD7C}.Debug|Any CPU.Build.0 = Debug|Any CPU
		{E57E9BB5-4AC3-45B0-9742-57A1627FFD7C}.Release|Any CPU.ActiveCfg = Release|Any CPU
		{E57E9BB5-4AC3-45B0-9742-57A1627FFD7C}.Release|Any CPU.Build.0 = Release|Any CPU
		{27D94C5F-DEF9-4C41-8D19-BACD2A9C70EF}.Debug|Any CPU.ActiveCfg = Debug|Any CPU
		{27D94C5F-DEF9-4C41-8D19-BACD2A9C70EF}.Debug|Any CPU.Build.0 = Debug|Any CPU
		{27D94C5F-DEF9-4C41-8D19-BACD2A9C70EF}.Release|Any CPU.ActiveCfg = Release|Any CPU
		{27D94C5F-DEF9-4C41-8D19-BACD2A9C70EF}.Release|Any CPU.Build.0 = Release|Any CPU
		{47842B10-4403-4EF8-A51F-1ED4458FDE10}.Debug|Any CPU.ActiveCfg = Debug|Any CPU
		{47842B10-4403-4EF8-A51F-1ED4458FDE10}.Debug|Any CPU.Build.0 = Debug|Any CPU
		{47842B10-4403-4EF8-A51F-1ED4458FDE10}.Release|Any CPU.ActiveCfg = Release|Any CPU
		{47842B10-4403-4EF8-A51F-1ED4458FDE10}.Release|Any CPU.Build.0 = Release|Any CPU
		{04CCF06F-A16C-44CD-A58C-97D76DCAE07E}.Debug|Any CPU.ActiveCfg = Debug|Any CPU
		{04CCF06F-A16C-44CD-A58C-97D76DCAE07E}.Debug|Any CPU.Build.0 = Debug|Any CPU
		{04CCF06F-A16C-44CD-A58C-97D76DCAE07E}.Release|Any CPU.ActiveCfg = Release|Any CPU
		{04CCF06F-A16C-44CD-A58C-97D76DCAE07E}.Release|Any CPU.Build.0 = Release|Any CPU
		{9676DDB8-C0C6-4229-821B-4990A32534A9}.Debug|Any CPU.ActiveCfg = Debug|Any CPU
		{9676DDB8-C0C6-4229-821B-4990A32534A9}.Debug|Any CPU.Build.0 = Debug|Any CPU
		{9676DDB8-C0C6-4229-821B-4990A32534A9}.Release|Any CPU.ActiveCfg = Release|Any CPU
		{9676DDB8-C0C6-4229-821B-4990A32534A9}.Release|Any CPU.Build.0 = Release|Any CPU
	EndGlobalSection
	GlobalSection(SolutionProperties) = preSolution
		HideSolutionNode = FALSE
	EndGlobalSection
	GlobalSection(NestedProjects) = preSolution
		{895E8B85-CCAE-4D74-8A79-833FF573184B} = {B6685327-6960-4C67-9F57-E3462710FD25}
		{E0F9AF2B-EDD0-4BB0-8AD3-B10092AEF44B} = {C9DD52E1-71FC-4FBE-B4DB-0312C2C9F8EE}
		{91902505-5983-4E97-A10B-5A4E0ACE9A70} = {C9DD52E1-71FC-4FBE-B4DB-0312C2C9F8EE}
		{DAF71F9A-5039-464F-BF71-13293AD99289} = {E0F9AF2B-EDD0-4BB0-8AD3-B10092AEF44B}
		{82B6F8CA-EDAD-4FB0-9B3C-EFF65B848E74} = {E0F9AF2B-EDD0-4BB0-8AD3-B10092AEF44B}
		{9804E202-DFA0-4427-8102-421EAFAA13AB} = {E0F9AF2B-EDD0-4BB0-8AD3-B10092AEF44B}
		{88AB74D0-C60A-4691-91CD-30D13624487E} = {C9DD52E1-71FC-4FBE-B4DB-0312C2C9F8EE}
		{6E82C572-AEE5-4350-92DF-56B456E57D37} = {91902505-5983-4E97-A10B-5A4E0ACE9A70}
		{A97D6C97-65D7-4CEB-ACB6-FDBF11631139} = {9804E202-DFA0-4427-8102-421EAFAA13AB}
		{E57E9BB5-4AC3-45B0-9742-57A1627FFD7C} = {82B6F8CA-EDAD-4FB0-9B3C-EFF65B848E74}
		{27D94C5F-DEF9-4C41-8D19-BACD2A9C70EF} = {82B6F8CA-EDAD-4FB0-9B3C-EFF65B848E74}
		{47842B10-4403-4EF8-A51F-1ED4458FDE10} = {DAF71F9A-5039-464F-BF71-13293AD99289}
		{04CCF06F-A16C-44CD-A58C-97D76DCAE07E} = {DAF71F9A-5039-464F-BF71-13293AD99289}
		{9676DDB8-C0C6-4229-821B-4990A32534A9} = {B6685327-6960-4C67-9F57-E3462710FD25}
	EndGlobalSection
	GlobalSection(ExtensibilityGlobals) = postSolution
		SolutionGuid = {251406C7-3475-4239-871F-5C78DACA1F05}
	EndGlobalSection
EndGlobal
