
Microsoft Visual Studio Solution File, Format Version 12.00
# Visual Studio Version 17
VisualStudioVersion = 17.9.34728.123
MinimumVisualStudioVersion = 10.0.40219.1
Project("{2150E333-8FDC-42A3-9474-1A3956D46DE8}") = "Core", "Core", "{7E62983C-4BC1-4E9B-9DA1-49566748220A}"
EndProject
Project("{9A19103F-16F7-4668-BE54-9A1E7A4F7556}") = "Promatis.Opc.UA.Client", "..\Tools\Promatis.Opc.UA.Client\Promatis.Opc.UA.Client.csproj", "{6A5EFE87-E699-4ABF-84DF-2D3735A87E3D}"
EndProject
Project("{2150E333-8FDC-42A3-9474-1A3956D46DE8}") = "DpConnect", "DpConnect", "{1EDE5774-9BB8-4875-84D8-FAD04E46D2B0}"
EndProject
Project("{2150E333-8FDC-42A3-9474-1A3956D46DE8}") = "TorqueControl", "TorqueControl", "{4EC46EC9-E4F0-43FD-9F3A-BB2CDE113353}"
EndProject
Project("{9A19103F-16F7-4668-BE54-9A1E7A4F7556}") = "TorqueControl", "..\TorqueControl\TorqueControl\TorqueControl.csproj", "{24D6B96B-3DBD-482F-B152-132C550EC68D}"
EndProject
Project("{2150E333-8FDC-42A3-9474-1A3956D46DE8}") = "Tools", "Tools", "{EE179933-9001-437B-A98F-0B5DFD924F89}"
EndProject
Project("{2150E333-8FDC-42A3-9474-1A3956D46DE8}") = "DataPoint", "DataPoint", "{2ACC81B1-9269-4395-A37C-D6DA9C9790E9}"
EndProject
Project("{9A19103F-16F7-4668-BE54-9A1E7A4F7556}") = "Promatis.DataPoint.Configuration", "..\DpConnect\DataPoint\Promatis.DataPoint\Promatis.DataPoint.Configuration.csproj", "{33A70661-CA1E-4F47-8320-1E2689687E46}"
EndProject
Project("{9A19103F-16F7-4668-BE54-9A1E7A4F7556}") = "Promatis.DataPoint.Console", "..\DpConnect\DataPoint\Promatis.DataPoint.Console\Promatis.DataPoint.Console.csproj", "{8DF1601C-2D43-439D-806C-907BD7EBC214}"
EndProject
Project("{9A19103F-16F7-4668-BE54-9A1E7A4F7556}") = "Promatis.DataPoint.Interface", "..\DpConnect\DataPoint\Promatis.DataPoint.Interface\Promatis.DataPoint.Interface.csproj", "{E5A6EB4A-8FC2-41A3-8E8C-D463416F2BFC}"
EndProject
Project("{2150E333-8FDC-42A3-9474-1A3956D46DE8}") = "GUI", "GUI", "{AC1309EF-E536-49BA-A436-9A2AA2F312F0}"
EndProject
Project("{9A19103F-16F7-4668-BE54-9A1E7A4F7556}") = "Promatis.Desktop", "..\GUI\Promatis.Desktop\Promatis.Desktop.csproj", "{76D5D562-94B9-4F94-9D0A-F8C59792CF38}"
EndProject
Project("{2150E333-8FDC-42A3-9474-1A3956D46DE8}") = "DpProvider", "DpProvider", "{96ACA8C6-BE36-4A14-84CD-F7F7B6B9EAF3}"
EndProject
Project("{2150E333-8FDC-42A3-9474-1A3956D46DE8}") = "DpProcessor", "DpProcessor", "{F2389E9E-80E5-4370-AAAF-0A99F2E29D6D}"
EndProject
Project("{9A19103F-16F7-4668-BE54-9A1E7A4F7556}") = "Promatis.DpProvider.OpcUa", "..\DpConnect\DpProvider\Promatis.DpProvider.OpcUa\Promatis.DpProvider.OpcUa.csproj", "{1AAC900C-A06C-45C5-864B-2A64BEA34EC3}"
EndProject
Project("{9A19103F-16F7-4668-BE54-9A1E7A4F7556}") = "Promatis.DpProcessor.DateTimeConsoleWriter", "..\DpConnect\DpProcessor\Promatis.DpProcessor.DateTimeConsoleWriter\Promatis.DpProcessor.DateTimeConsoleWriter.csproj", "{20593235-6D35-44CA-B28B-8C866DC04A45}"
EndProject
Project("{2150E333-8FDC-42A3-9474-1A3956D46DE8}") = "Application", "Application", "{B6685327-6960-4C67-9F57-E3462710FD25}"
EndProject
Project("{9A19103F-16F7-4668-BE54-9A1E7A4F7556}") = "PNTZ.Mufta.App", "PNTZ.Mufta.App\PNTZ.Mufta.App.csproj", "{895E8B85-CCAE-4D74-8A79-833FF573184B}"
EndProject
Project("{9A19103F-16F7-4668-BE54-9A1E7A4F7556}") = "Promatis.DpProcessor.PlcSystem", "..\DpConnect\DpProcessor\Promatis.DpProcessor.PlcSystem\Promatis.DpProcessor.PlcSystem.csproj", "{1F8FEAD3-4180-4A1B-A920-9480A1242098}"
EndProject
Project("{FAE04EC0-301F-11D3-BF4B-00C04F79EFBC}") = "Promatis.Core", "..\Core\Core\Source\Core\Promatis.Core.csproj", "{1A63B9CA-0740-4E56-9016-4520E1B4BE69}"
EndProject
Project("{2150E333-8FDC-42A3-9474-1A3956D46DE8}") = "Toolbox", "Toolbox", "{C9DD52E1-71FC-4FBE-B4DB-0312C2C9F8EE}"
EndProject
Project("{9A19103F-16F7-4668-BE54-9A1E7A4F7556}") = "Toolkit", "..\Toolbox\Toolkit\Toolkit.csproj", "{0F250750-0B36-4CDA-8D78-9FA4A7F1C60B}"
EndProject
Global
	GlobalSection(SolutionConfigurationPlatforms) = preSolution
		Debug|Any CPU = Debug|Any CPU
		Release|Any CPU = Release|Any CPU
	EndGlobalSection
	GlobalSection(ProjectConfigurationPlatforms) = postSolution
		{6A5EFE87-E699-4ABF-84DF-2D3735A87E3D}.Debug|Any CPU.ActiveCfg = Debug|Any CPU
		{6A5EFE87-E699-4ABF-84DF-2D3735A87E3D}.Debug|Any CPU.Build.0 = Debug|Any CPU
		{6A5EFE87-E699-4ABF-84DF-2D3735A87E3D}.Release|Any CPU.ActiveCfg = Release|Any CPU
		{6A5EFE87-E699-4ABF-84DF-2D3735A87E3D}.Release|Any CPU.Build.0 = Release|Any CPU
		{24D6B96B-3DBD-482F-B152-132C550EC68D}.Debug|Any CPU.ActiveCfg = Debug|Any CPU
		{24D6B96B-3DBD-482F-B152-132C550EC68D}.Debug|Any CPU.Build.0 = Debug|Any CPU
		{24D6B96B-3DBD-482F-B152-132C550EC68D}.Release|Any CPU.ActiveCfg = Release|Any CPU
		{24D6B96B-3DBD-482F-B152-132C550EC68D}.Release|Any CPU.Build.0 = Release|Any CPU
		{33A70661-CA1E-4F47-8320-1E2689687E46}.Debug|Any CPU.ActiveCfg = Debug|Any CPU
		{33A70661-CA1E-4F47-8320-1E2689687E46}.Debug|Any CPU.Build.0 = Debug|Any CPU
		{33A70661-CA1E-4F47-8320-1E2689687E46}.Release|Any CPU.ActiveCfg = Release|Any CPU
		{33A70661-CA1E-4F47-8320-1E2689687E46}.Release|Any CPU.Build.0 = Release|Any CPU
		{8DF1601C-2D43-439D-806C-907BD7EBC214}.Debug|Any CPU.ActiveCfg = Debug|Any CPU
		{8DF1601C-2D43-439D-806C-907BD7EBC214}.Debug|Any CPU.Build.0 = Debug|Any CPU
		{8DF1601C-2D43-439D-806C-907BD7EBC214}.Release|Any CPU.ActiveCfg = Release|Any CPU
		{8DF1601C-2D43-439D-806C-907BD7EBC214}.Release|Any CPU.Build.0 = Release|Any CPU
		{E5A6EB4A-8FC2-41A3-8E8C-D463416F2BFC}.Debug|Any CPU.ActiveCfg = Debug|Any CPU
		{E5A6EB4A-8FC2-41A3-8E8C-D463416F2BFC}.Debug|Any CPU.Build.0 = Debug|Any CPU
		{E5A6EB4A-8FC2-41A3-8E8C-D463416F2BFC}.Release|Any CPU.ActiveCfg = Release|Any CPU
		{E5A6EB4A-8FC2-41A3-8E8C-D463416F2BFC}.Release|Any CPU.Build.0 = Release|Any CPU
		{76D5D562-94B9-4F94-9D0A-F8C59792CF38}.Debug|Any CPU.ActiveCfg = Debug|Any CPU
		{76D5D562-94B9-4F94-9D0A-F8C59792CF38}.Debug|Any CPU.Build.0 = Debug|Any CPU
		{76D5D562-94B9-4F94-9D0A-F8C59792CF38}.Release|Any CPU.ActiveCfg = Release|Any CPU
		{76D5D562-94B9-4F94-9D0A-F8C59792CF38}.Release|Any CPU.Build.0 = Release|Any CPU
		{1AAC900C-A06C-45C5-864B-2A64BEA34EC3}.Debug|Any CPU.ActiveCfg = Debug|Any CPU
		{1AAC900C-A06C-45C5-864B-2A64BEA34EC3}.Debug|Any CPU.Build.0 = Debug|Any CPU
		{1AAC900C-A06C-45C5-864B-2A64BEA34EC3}.Release|Any CPU.ActiveCfg = Release|Any CPU
		{1AAC900C-A06C-45C5-864B-2A64BEA34EC3}.Release|Any CPU.Build.0 = Release|Any CPU
		{20593235-6D35-44CA-B28B-8C866DC04A45}.Debug|Any CPU.ActiveCfg = Debug|Any CPU
		{20593235-6D35-44CA-B28B-8C866DC04A45}.Debug|Any CPU.Build.0 = Debug|Any CPU
		{20593235-6D35-44CA-B28B-8C866DC04A45}.Release|Any CPU.ActiveCfg = Release|Any CPU
		{20593235-6D35-44CA-B28B-8C866DC04A45}.Release|Any CPU.Build.0 = Release|Any CPU
		{895E8B85-CCAE-4D74-8A79-833FF573184B}.Debug|Any CPU.ActiveCfg = Debug|Any CPU
		{895E8B85-CCAE-4D74-8A79-833FF573184B}.Debug|Any CPU.Build.0 = Debug|Any CPU
		{895E8B85-CCAE-4D74-8A79-833FF573184B}.Release|Any CPU.ActiveCfg = Release|Any CPU
		{895E8B85-CCAE-4D74-8A79-833FF573184B}.Release|Any CPU.Build.0 = Release|Any CPU
		{1F8FEAD3-4180-4A1B-A920-9480A1242098}.Debug|Any CPU.ActiveCfg = Debug|Any CPU
		{1F8FEAD3-4180-4A1B-A920-9480A1242098}.Debug|Any CPU.Build.0 = Debug|Any CPU
		{1F8FEAD3-4180-4A1B-A920-9480A1242098}.Release|Any CPU.ActiveCfg = Release|Any CPU
		{1F8FEAD3-4180-4A1B-A920-9480A1242098}.Release|Any CPU.Build.0 = Release|Any CPU
		{1A63B9CA-0740-4E56-9016-4520E1B4BE69}.Debug|Any CPU.ActiveCfg = Debug|Any CPU
		{1A63B9CA-0740-4E56-9016-4520E1B4BE69}.Debug|Any CPU.Build.0 = Debug|Any CPU
		{1A63B9CA-0740-4E56-9016-4520E1B4BE69}.Release|Any CPU.ActiveCfg = Release|Any CPU
		{1A63B9CA-0740-4E56-9016-4520E1B4BE69}.Release|Any CPU.Build.0 = Release|Any CPU
		{0F250750-0B36-4CDA-8D78-9FA4A7F1C60B}.Debug|Any CPU.ActiveCfg = Debug|Any CPU
		{0F250750-0B36-4CDA-8D78-9FA4A7F1C60B}.Debug|Any CPU.Build.0 = Debug|Any CPU
		{0F250750-0B36-4CDA-8D78-9FA4A7F1C60B}.Release|Any CPU.ActiveCfg = Release|Any CPU
		{0F250750-0B36-4CDA-8D78-9FA4A7F1C60B}.Release|Any CPU.Build.0 = Release|Any CPU
	EndGlobalSection
	GlobalSection(SolutionProperties) = preSolution
		HideSolutionNode = FALSE
	EndGlobalSection
	GlobalSection(NestedProjects) = preSolution
		{6A5EFE87-E699-4ABF-84DF-2D3735A87E3D} = {EE179933-9001-437B-A98F-0B5DFD924F89}
		{24D6B96B-3DBD-482F-B152-132C550EC68D} = {4EC46EC9-E4F0-43FD-9F3A-BB2CDE113353}
		{2ACC81B1-9269-4395-A37C-D6DA9C9790E9} = {1EDE5774-9BB8-4875-84D8-FAD04E46D2B0}
		{33A70661-CA1E-4F47-8320-1E2689687E46} = {2ACC81B1-9269-4395-A37C-D6DA9C9790E9}
		{8DF1601C-2D43-439D-806C-907BD7EBC214} = {2ACC81B1-9269-4395-A37C-D6DA9C9790E9}
		{E5A6EB4A-8FC2-41A3-8E8C-D463416F2BFC} = {2ACC81B1-9269-4395-A37C-D6DA9C9790E9}
		{76D5D562-94B9-4F94-9D0A-F8C59792CF38} = {AC1309EF-E536-49BA-A436-9A2AA2F312F0}
		{96ACA8C6-BE36-4A14-84CD-F7F7B6B9EAF3} = {1EDE5774-9BB8-4875-84D8-FAD04E46D2B0}
		{F2389E9E-80E5-4370-AAAF-0A99F2E29D6D} = {1EDE5774-9BB8-4875-84D8-FAD04E46D2B0}
		{1AAC900C-A06C-45C5-864B-2A64BEA34EC3} = {96ACA8C6-BE36-4A14-84CD-F7F7B6B9EAF3}
		{20593235-6D35-44CA-B28B-8C866DC04A45} = {F2389E9E-80E5-4370-AAAF-0A99F2E29D6D}
		{895E8B85-CCAE-4D74-8A79-833FF573184B} = {B6685327-6960-4C67-9F57-E3462710FD25}
		{1F8FEAD3-4180-4A1B-A920-9480A1242098} = {F2389E9E-80E5-4370-AAAF-0A99F2E29D6D}
		{1A63B9CA-0740-4E56-9016-4520E1B4BE69} = {7E62983C-4BC1-4E9B-9DA1-49566748220A}
		{0F250750-0B36-4CDA-8D78-9FA4A7F1C60B} = {C9DD52E1-71FC-4FBE-B4DB-0312C2C9F8EE}
	EndGlobalSection
	GlobalSection(ExtensibilityGlobals) = postSolution
		SolutionGuid = {251406C7-3475-4239-871F-5C78DACA1F05}
	EndGlobalSection
EndGlobal
