
Microsoft Visual Studio Solution File, Format Version 12.00
# Visual Studio Version 17
VisualStudioVersion = 17.9.34728.123
MinimumVisualStudioVersion = 10.0.40219.1
Project("{2150E333-8FDC-42A3-9474-1A3956D46DE8}") = "Toolbox", "Toolbox", "{63F40D3A-25E0-44F0-91A5-CCDC53042ECA}"
EndProject
Project("{FAE04EC0-301F-11D3-BF4B-00C04F79EFBC}") = "Toolkit", "..\Toolbox\Toolkit\Toolkit.csproj", "{EAA5D1E1-AD76-4F44-BB42-6DAC7CC91207}"
EndProject
Project("{2150E333-8FDC-42A3-9474-1A3956D46DE8}") = "DpConnect", "DpConnect", "{F57AAC7D-AA21-4725-8904-7DE4A0F21951}"
EndProject
Project("{2150E333-8FDC-42A3-9474-1A3956D46DE8}") = "GUI", "GUI", "{2A754750-B65F-4109-A82F-4C05B46E9E64}"
EndProject
Project("{FAE04EC0-301F-11D3-BF4B-00C04F79EFBC}") = "DpConnect.Configuration", "..\Toolbox\DpConnect\DpConnect.Configuration\DpConnect.Configuration.csproj", "{1AFBC91A-389C-438C-AC3B-89AF22139D0D}"
EndProject
Project("{FAE04EC0-301F-11D3-BF4B-00C04F79EFBC}") = "DpConnect.Interface", "..\Toolbox\DpConnect\DpConnect.Interface\DpConnect.Interface.csproj", "{58470ADD-50FD-479D-862B-65BA360714EF}"
EndProject
Project("{FAE04EC0-301F-11D3-BF4B-00C04F79EFBC}") = "DpConnect.Provider", "..\Toolbox\DpConnect\DpConnect.Provider\DpConnect.Provider.csproj", "{FF25CA19-1544-4BD3-8CF0-806429CABD61}"
EndProject
Project("{FAE04EC0-301F-11D3-BF4B-00C04F79EFBC}") = "Desktop", "..\Toolbox\GUI\Desktop\Desktop.csproj", "{1A71939F-8F0D-408B-8603-F0D231AF83E3}"
EndProject
Project("{2150E333-8FDC-42A3-9474-1A3956D46DE8}") = "Tools", "Tools", "{D3321DB8-6158-4633-A80A-E377524EAB60}"
EndProject
Project("{FAE04EC0-301F-11D3-BF4B-00C04F79EFBC}") = "Promatis.Opc.UA.Client", "..\Tools\Opc.UA\Source\Client\Promatis.Opc.UA.Client.csproj", "{D6B9F819-DDCA-4CBD-98CC-8D13A67A18F3}"
EndProject
Project("{2150E333-8FDC-42A3-9474-1A3956D46DE8}") = "DpConnect", "DpConnect", "{5C65F97A-FA34-40DA-8EE2-3C7F2129BCA3}"
EndProject
Project("{FAE04EC0-301F-11D3-BF4B-00C04F79EFBC}") = "DpConnect", "..\DpConnect\DpConnect\DpConnect.csproj", "{1A030ACC-F558-4A1F-B0FA-6DE280B3D8D3}"
EndProject
Project("{FAE04EC0-301F-11D3-BF4B-00C04F79EFBC}") = "DpConnect.OpcUa", "..\DpConnect\DpConnect.OpcUa\DpConnect.OpcUa.csproj", "{3E2376E1-1220-4DD2-9E5C-297D5253C1EF}"
EndProject
Project("{FAE04EC0-301F-11D3-BF4B-00C04F79EFBC}") = "PNTZ.Mufta.TPCApp", "PNTZ.Mufta.TPCApp\PNTZ.Mufta.TPCApp.csproj", "{212FDDFB-56AC-4EC4-B629-8FEFB2A118CD}"
EndProject
Project("{FAE04EC0-301F-11D3-BF4B-00C04F79EFBC}") = "Promatis.IoC.DryIoc", "..\Tools\IoC\Source\DryIoC\Promatis.IoC.DryIoc.csproj", "{536C73C1-951C-4062-BCAA-01F1B86E483B}"
EndProject
Project("{FAE04EC0-301F-11D3-BF4B-00C04F79EFBC}") = "PNTZ.Mufta.TPCApp.Test", "PNTZ.Mufta.TPCApp.Test\PNTZ.Mufta.TPCApp.Test.csproj", "{692CC16A-409B-4EA6-9B40-E564BE567976}"
EndProject
Project("{2150E333-8FDC-42A3-9474-1A3956D46DE8}") = "Solution Items", "Solution Items", "{A6526608-FE32-4847-A49D-B7F3A2D33392}"
	ProjectSection(SolutionItems) = preProject
		CLAUDE.md = CLAUDE.md
	EndProjectSection
EndProject
Project("{2150E333-8FDC-42A3-9474-1A3956D46DE8}") = "Doc", "Doc", "{37B05808-D214-484A-9EE4-13CA09D5DD44}"
	ProjectSection(SolutionItems) = preProject
		Doc\ShoulderDetection.md = Doc\ShoulderDetection.md
	EndProjectSection
EndProject
Global
	GlobalSection(SolutionConfigurationPlatforms) = preSolution
		Debug|Any CPU = Debug|Any CPU
		Release|Any CPU = Release|Any CPU
	EndGlobalSection
	GlobalSection(ProjectConfigurationPlatforms) = postSolution
		{EAA5D1E1-AD76-4F44-BB42-6DAC7CC91207}.Debug|Any CPU.ActiveCfg = Debug|Any CPU
		{EAA5D1E1-AD76-4F44-BB42-6DAC7CC91207}.Debug|Any CPU.Build.0 = Debug|Any CPU
		{EAA5D1E1-AD76-4F44-BB42-6DAC7CC91207}.Release|Any CPU.ActiveCfg = Release|Any CPU
		{EAA5D1E1-AD76-4F44-BB42-6DAC7CC91207}.Release|Any CPU.Build.0 = Release|Any CPU
		{1AFBC91A-389C-438C-AC3B-89AF22139D0D}.Debug|Any CPU.ActiveCfg = Debug|Any CPU
		{1AFBC91A-389C-438C-AC3B-89AF22139D0D}.Debug|Any CPU.Build.0 = Debug|Any CPU
		{1AFBC91A-389C-438C-AC3B-89AF22139D0D}.Release|Any CPU.ActiveCfg = Release|Any CPU
		{1AFBC91A-389C-438C-AC3B-89AF22139D0D}.Release|Any CPU.Build.0 = Release|Any CPU
		{58470ADD-50FD-479D-862B-65BA360714EF}.Debug|Any CPU.ActiveCfg = Debug|Any CPU
		{58470ADD-50FD-479D-862B-65BA360714EF}.Debug|Any CPU.Build.0 = Debug|Any CPU
		{58470ADD-50FD-479D-862B-65BA360714EF}.Release|Any CPU.ActiveCfg = Release|Any CPU
		{58470ADD-50FD-479D-862B-65BA360714EF}.Release|Any CPU.Build.0 = Release|Any CPU
		{FF25CA19-1544-4BD3-8CF0-806429CABD61}.Debug|Any CPU.ActiveCfg = Debug|Any CPU
		{FF25CA19-1544-4BD3-8CF0-806429CABD61}.Debug|Any CPU.Build.0 = Debug|Any CPU
		{FF25CA19-1544-4BD3-8CF0-806429CABD61}.Release|Any CPU.ActiveCfg = Release|Any CPU
		{FF25CA19-1544-4BD3-8CF0-806429CABD61}.Release|Any CPU.Build.0 = Release|Any CPU
		{1A71939F-8F0D-408B-8603-F0D231AF83E3}.Debug|Any CPU.ActiveCfg = Debug|Any CPU
		{1A71939F-8F0D-408B-8603-F0D231AF83E3}.Debug|Any CPU.Build.0 = Debug|Any CPU
		{1A71939F-8F0D-408B-8603-F0D231AF83E3}.Release|Any CPU.ActiveCfg = Release|Any CPU
		{1A71939F-8F0D-408B-8603-F0D231AF83E3}.Release|Any CPU.Build.0 = Release|Any CPU
		{D6B9F819-DDCA-4CBD-98CC-8D13A67A18F3}.Debug|Any CPU.ActiveCfg = Debug|Any CPU
		{D6B9F819-DDCA-4CBD-98CC-8D13A67A18F3}.Debug|Any CPU.Build.0 = Debug|Any CPU
		{D6B9F819-DDCA-4CBD-98CC-8D13A67A18F3}.Release|Any CPU.ActiveCfg = Release|Any CPU
		{D6B9F819-DDCA-4CBD-98CC-8D13A67A18F3}.Release|Any CPU.Build.0 = Release|Any CPU
		{1A030ACC-F558-4A1F-B0FA-6DE280B3D8D3}.Debug|Any CPU.ActiveCfg = Debug|Any CPU
		{1A030ACC-F558-4A1F-B0FA-6DE280B3D8D3}.Debug|Any CPU.Build.0 = Debug|Any CPU
		{1A030ACC-F558-4A1F-B0FA-6DE280B3D8D3}.Release|Any CPU.ActiveCfg = Release|Any CPU
		{1A030ACC-F558-4A1F-B0FA-6DE280B3D8D3}.Release|Any CPU.Build.0 = Release|Any CPU
		{3E2376E1-1220-4DD2-9E5C-297D5253C1EF}.Debug|Any CPU.ActiveCfg = Debug|Any CPU
		{3E2376E1-1220-4DD2-9E5C-297D5253C1EF}.Debug|Any CPU.Build.0 = Debug|Any CPU
		{3E2376E1-1220-4DD2-9E5C-297D5253C1EF}.Release|Any CPU.ActiveCfg = Release|Any CPU
		{3E2376E1-1220-4DD2-9E5C-297D5253C1EF}.Release|Any CPU.Build.0 = Release|Any CPU
		{212FDDFB-56AC-4EC4-B629-8FEFB2A118CD}.Debug|Any CPU.ActiveCfg = Debug|Any CPU
		{212FDDFB-56AC-4EC4-B629-8FEFB2A118CD}.Debug|Any CPU.Build.0 = Debug|Any CPU
		{212FDDFB-56AC-4EC4-B629-8FEFB2A118CD}.Release|Any CPU.ActiveCfg = Release|Any CPU
		{212FDDFB-56AC-4EC4-B629-8FEFB2A118CD}.Release|Any CPU.Build.0 = Release|Any CPU
		{536C73C1-951C-4062-BCAA-01F1B86E483B}.Debug|Any CPU.ActiveCfg = Debug|Any CPU
		{536C73C1-951C-4062-BCAA-01F1B86E483B}.Debug|Any CPU.Build.0 = Debug|Any CPU
		{536C73C1-951C-4062-BCAA-01F1B86E483B}.Release|Any CPU.ActiveCfg = Release|Any CPU
		{536C73C1-951C-4062-BCAA-01F1B86E483B}.Release|Any CPU.Build.0 = Release|Any CPU
		{692CC16A-409B-4EA6-9B40-E564BE567976}.Debug|Any CPU.ActiveCfg = Debug|Any CPU
		{692CC16A-409B-4EA6-9B40-E564BE567976}.Debug|Any CPU.Build.0 = Debug|Any CPU
		{692CC16A-409B-4EA6-9B40-E564BE567976}.Release|Any CPU.ActiveCfg = Release|Any CPU
		{692CC16A-409B-4EA6-9B40-E564BE567976}.Release|Any CPU.Build.0 = Release|Any CPU
	EndGlobalSection
	GlobalSection(SolutionProperties) = preSolution
		HideSolutionNode = FALSE
	EndGlobalSection
	GlobalSection(NestedProjects) = preSolution
		{EAA5D1E1-AD76-4F44-BB42-6DAC7CC91207} = {63F40D3A-25E0-44F0-91A5-CCDC53042ECA}
		{F57AAC7D-AA21-4725-8904-7DE4A0F21951} = {63F40D3A-25E0-44F0-91A5-CCDC53042ECA}
		{2A754750-B65F-4109-A82F-4C05B46E9E64} = {63F40D3A-25E0-44F0-91A5-CCDC53042ECA}
		{1AFBC91A-389C-438C-AC3B-89AF22139D0D} = {F57AAC7D-AA21-4725-8904-7DE4A0F21951}
		{58470ADD-50FD-479D-862B-65BA360714EF} = {F57AAC7D-AA21-4725-8904-7DE4A0F21951}
		{FF25CA19-1544-4BD3-8CF0-806429CABD61} = {F57AAC7D-AA21-4725-8904-7DE4A0F21951}
		{1A71939F-8F0D-408B-8603-F0D231AF83E3} = {2A754750-B65F-4109-A82F-4C05B46E9E64}
		{D6B9F819-DDCA-4CBD-98CC-8D13A67A18F3} = {D3321DB8-6158-4633-A80A-E377524EAB60}
		{1A030ACC-F558-4A1F-B0FA-6DE280B3D8D3} = {5C65F97A-FA34-40DA-8EE2-3C7F2129BCA3}
		{3E2376E1-1220-4DD2-9E5C-297D5253C1EF} = {5C65F97A-FA34-40DA-8EE2-3C7F2129BCA3}
		{536C73C1-951C-4062-BCAA-01F1B86E483B} = {D3321DB8-6158-4633-A80A-E377524EAB60}
	EndGlobalSection
	GlobalSection(ExtensibilityGlobals) = postSolution
		SolutionGuid = {40A0378C-B892-431C-9857-21B73F35FD2A}
	EndGlobalSection
EndGlobal
